
Microsoft Visual Studio Solution File, Format Version 12.00
# Visual Studio 15
VisualStudioVersion = 15.0.28307.329
MinimumVisualStudioVersion = 10.0.40219.1
Project("{FAE04EC0-301F-11D3-BF4B-00C04F79EFBC}") = "main", "main\main.csproj", "{F5FD9B4F-3E69-4AE0-9CEF-7B3B621AD2ED}"
EndProject
Global
	GlobalSection(SolutionConfigurationPlatforms) = preSolution
		Debug|Any CPU = Debug|Any CPU
		Release|Any CPU = Release|Any CPU
	EndGlobalSection
	GlobalSection(ProjectConfigurationPlatforms) = postSolution
		{F5FD9B4F-3E69-4AE0-9CEF-7B3B621AD2ED}.Debug|Any CPU.ActiveCfg = Debug|Any CPU
		{F5FD9B4F-3E69-4AE0-9CEF-7B3B621AD2ED}.Debug|Any CPU.Build.0 = Debug|Any CPU
		{F5FD9B4F-3E69-4AE0-9CEF-7B3B621AD2ED}.Release|Any CPU.ActiveCfg = Release|Any CPU
		{F5FD9B4F-3E69-4AE0-9CEF-7B3B621AD2ED}.Release|Any CPU.Build.0 = Release|Any CPU
	EndGlobalSection
	GlobalSection(SolutionProperties) = preSolution
		HideSolutionNode = FALSE
	EndGlobalSection
	GlobalSection(ExtensibilityGlobals) = postSolution
		SolutionGuid = {DDFB8570-EA76-4795-AEBF-EF2AF40A1F2F}
	EndGlobalSection
EndGlobal
